# This file is automatically @generated by Cargo.
# It is not intended for manual editing.
version = 4

[[package]]
name = "iobewi-example-workload-hello"
version = "0.1.0"
dependencies = [
 "iobewi-workload",
]

[[package]]
name = "iobewi-workload"
version = "0.1.0"
dependencies = [
 "iobewi-workload-abi",
]

[[package]]
name = "iobewi-workload-abi"
version = "0.1.0"
